
Microsoft Visual Studio Solution File, Format Version 12.00
# Visual Studio Version 16
VisualStudioVersion = 16.0.29613.14
MinimumVisualStudioVersion = 15.0.26124.0
Project("{2150E333-8FDC-42A3-9474-1A3956D46DE8}") = "Core", "Core", "{BA423D36-DB0D-438A-834C-D9DA34D55CD0}"
EndProject
Project("{2150E333-8FDC-42A3-9474-1A3956D46DE8}") = "Persistence", "Persistence", "{192EFF8D-1951-4F32-A91E-B8BD6733B951}"
EndProject
Project("{2150E333-8FDC-42A3-9474-1A3956D46DE8}") = "Presentation", "Presentation", "{2B92403A-BFD6-4D7F-A20A-D2C899211C13}"
EndProject
Project("{2150E333-8FDC-42A3-9474-1A3956D46DE8}") = "Source", "Source", "{3FE3F486-EC3C-411E-9D03-6FA4E0BB2347}"
EndProject
Project("{2150E333-8FDC-42A3-9474-1A3956D46DE8}") = "Common", "Common", "{AE0CC397-7456-4D97-A802-55BA908F9710}"
EndProject
Project("{2150E333-8FDC-42A3-9474-1A3956D46DE8}") = "Business", "Business", "{E18DC3CC-AA6D-405F-8D7F-3FBDC00FF514}"
EndProject
Project("{2150E333-8FDC-42A3-9474-1A3956D46DE8}") = "Libraries", "Libraries", "{9BE1D799-A502-4C76-9565-43A8EE0DB08C}"
EndProject
Project("{9A19103F-16F7-4668-BE54-9A1E7A4F7556}") = "Backend.API", "Source\Presentation\Backend.API\Backend.API.csproj", "{4143456B-3297-464D-A4EF-0101D6C77891}"
EndProject
Project("{2150E333-8FDC-42A3-9474-1A3956D46DE8}") = "Solution Items", "Solution Items", "{04CD09F0-5167-4FB1-BAD1-4895537F3A3F}"
	ProjectSection(SolutionItems) = preProject
		TODO.txt = TODO.txt
	EndProjectSection
EndProject
Project("{9A19103F-16F7-4668-BE54-9A1E7A4F7556}") = "Backend.Persistence", "Source\Persistence\Backend.Persistence\Backend.Persistence.csproj", "{381AAEBA-B5F1-408B-A34B-3463ABD8CFE4}"
EndProject
Project("{9A19103F-16F7-4668-BE54-9A1E7A4F7556}") = "Backend.Domain", "Source\Core\Backend.Domain\Backend.Domain.csproj", "{2B71C056-2905-476F-9B94-2365F36D0B60}"
EndProject
Project("{9A19103F-16F7-4668-BE54-9A1E7A4F7556}") = "Backend.Infrastructure", "Source\Core\Backend.Infrastructure\Backend.Infrastructure.csproj", "{63D3D7FB-F4A2-4E7A-9A55-F59035A092FB}"
EndProject
Project("{9A19103F-16F7-4668-BE54-9A1E7A4F7556}") = "Backend.Library.Logging", "Source\Core\Libraries\Backend.Library.Logging\Backend.Library.Logging.csproj", "{A2ACBB69-19EA-4C50-AF2E-EFC56B0F6720}"
EndProject
Project("{9A19103F-16F7-4668-BE54-9A1E7A4F7556}") = "Backend.Library.MediaCompression", "Source\Core\Libraries\Backend.Library.MediaCompression\Backend.Library.MediaCompression.csproj", "{5D478444-180A-44CE-AC63-06AF10D8A737}"
EndProject
Project("{9A19103F-16F7-4668-BE54-9A1E7A4F7556}") = "Backend.Common", "Source\Common\Backend.Common\Backend.Common.csproj", "{1CFC96E1-5AA4-4CEE-BD37-C19BAE9213BD}"
EndProject
Project("{9A19103F-16F7-4668-BE54-9A1E7A4F7556}") = "Backend.Business.Authorization", "Source\Core\Business\Backend.Business.Authorization\Backend.Business.Authorization.csproj", "{E9B4893D-D009-479F-9285-6BC1EC666676}"
EndProject
Project("{9A19103F-16F7-4668-BE54-9A1E7A4F7556}") = "Backend.Library.AmazonS3", "Source\Core\Libraries\Backend.Library.AmazonS3\Backend.Library.AmazonS3.csproj", "{CAD45C55-C5A0-45D5-8D87-2BCE0ED031B1}"
EndProject
Project("{9A19103F-16F7-4668-BE54-9A1E7A4F7556}") = "Backend.Business.Notifications", "Source\Core\Business\Backend.Business.Notifications\Backend.Business.Notifications.csproj", "{9FA20967-AA85-44CB-8850-3951A42981D4}"
EndProject
Project("{9A19103F-16F7-4668-BE54-9A1E7A4F7556}") = "Backend.Business.Users", "Source\Core\Business\Backend.Business.Users\Backend.Business.Users.csproj", "{C4F15116-1C1B-4199-B204-219C390E30E0}"
EndProject
Project("{9A19103F-16F7-4668-BE54-9A1E7A4F7556}") = "Backend.Business.Media", "Source\Core\Business\Backend.Business.Media\Backend.Business.Media.csproj", "{CA7B25DB-21B8-4F34-B731-8F1D1B598323}"
EndProject
Project("{2150E333-8FDC-42A3-9474-1A3956D46DE8}") = "Tests", "Tests", "{D7A4821F-1FB4-4ED2-8F23-1BC812FB2053}"
EndProject
Project("{9A19103F-16F7-4668-BE54-9A1E7A4F7556}") = "Backend.BusinessTests", "Tests\Backend.BusinessTests\Backend.BusinessTests.csproj", "{A32302D3-F075-41B2-956E-43D3BFF3390A}"
EndProject
Project("{FAE04EC0-301F-11D3-BF4B-00C04F79EFBC}") = "Backend.Business.Contacts", "Source\Core\Business\Backend.Business.Contacts\Backend.Business.Contacts.csproj", "{47AE04E8-239C-4AFF-9B20-DF2A17D23C18}"
EndProject
Global
	GlobalSection(SolutionConfigurationPlatforms) = preSolution
		Debug|Any CPU = Debug|Any CPU
		Debug|x64 = Debug|x64
		Debug|x86 = Debug|x86
		Release|Any CPU = Release|Any CPU
		Release|x64 = Release|x64
		Release|x86 = Release|x86
	EndGlobalSection
	GlobalSection(ProjectConfigurationPlatforms) = postSolution
		{4143456B-3297-464D-A4EF-0101D6C77891}.Debug|Any CPU.ActiveCfg = Debug|Any CPU
		{4143456B-3297-464D-A4EF-0101D6C77891}.Debug|Any CPU.Build.0 = Debug|Any CPU
		{4143456B-3297-464D-A4EF-0101D6C77891}.Debug|x64.ActiveCfg = Debug|Any CPU
		{4143456B-3297-464D-A4EF-0101D6C77891}.Debug|x64.Build.0 = Debug|Any CPU
		{4143456B-3297-464D-A4EF-0101D6C77891}.Debug|x86.ActiveCfg = Debug|Any CPU
		{4143456B-3297-464D-A4EF-0101D6C77891}.Debug|x86.Build.0 = Debug|Any CPU
		{4143456B-3297-464D-A4EF-0101D6C77891}.Release|Any CPU.ActiveCfg = Release|Any CPU
		{4143456B-3297-464D-A4EF-0101D6C77891}.Release|Any CPU.Build.0 = Release|Any CPU
		{4143456B-3297-464D-A4EF-0101D6C77891}.Release|x64.ActiveCfg = Release|Any CPU
		{4143456B-3297-464D-A4EF-0101D6C77891}.Release|x64.Build.0 = Release|Any CPU
		{4143456B-3297-464D-A4EF-0101D6C77891}.Release|x86.ActiveCfg = Release|Any CPU
		{4143456B-3297-464D-A4EF-0101D6C77891}.Release|x86.Build.0 = Release|Any CPU
		{381AAEBA-B5F1-408B-A34B-3463ABD8CFE4}.Debug|Any CPU.ActiveCfg = Debug|Any CPU
		{381AAEBA-B5F1-408B-A34B-3463ABD8CFE4}.Debug|Any CPU.Build.0 = Debug|Any CPU
		{381AAEBA-B5F1-408B-A34B-3463ABD8CFE4}.Debug|x64.ActiveCfg = Debug|Any CPU
		{381AAEBA-B5F1-408B-A34B-3463ABD8CFE4}.Debug|x64.Build.0 = Debug|Any CPU
		{381AAEBA-B5F1-408B-A34B-3463ABD8CFE4}.Debug|x86.ActiveCfg = Debug|Any CPU
		{381AAEBA-B5F1-408B-A34B-3463ABD8CFE4}.Debug|x86.Build.0 = Debug|Any CPU
		{381AAEBA-B5F1-408B-A34B-3463ABD8CFE4}.Release|Any CPU.ActiveCfg = Release|Any CPU
		{381AAEBA-B5F1-408B-A34B-3463ABD8CFE4}.Release|Any CPU.Build.0 = Release|Any CPU
		{381AAEBA-B5F1-408B-A34B-3463ABD8CFE4}.Release|x64.ActiveCfg = Release|Any CPU
		{381AAEBA-B5F1-408B-A34B-3463ABD8CFE4}.Release|x64.Build.0 = Release|Any CPU
		{381AAEBA-B5F1-408B-A34B-3463ABD8CFE4}.Release|x86.ActiveCfg = Release|Any CPU
		{381AAEBA-B5F1-408B-A34B-3463ABD8CFE4}.Release|x86.Build.0 = Release|Any CPU
		{2B71C056-2905-476F-9B94-2365F36D0B60}.Debug|Any CPU.ActiveCfg = Debug|Any CPU
		{2B71C056-2905-476F-9B94-2365F36D0B60}.Debug|Any CPU.Build.0 = Debug|Any CPU
		{2B71C056-2905-476F-9B94-2365F36D0B60}.Debug|x64.ActiveCfg = Debug|Any CPU
		{2B71C056-2905-476F-9B94-2365F36D0B60}.Debug|x64.Build.0 = Debug|Any CPU
		{2B71C056-2905-476F-9B94-2365F36D0B60}.Debug|x86.ActiveCfg = Debug|Any CPU
		{2B71C056-2905-476F-9B94-2365F36D0B60}.Debug|x86.Build.0 = Debug|Any CPU
		{2B71C056-2905-476F-9B94-2365F36D0B60}.Release|Any CPU.ActiveCfg = Release|Any CPU
		{2B71C056-2905-476F-9B94-2365F36D0B60}.Release|Any CPU.Build.0 = Release|Any CPU
		{2B71C056-2905-476F-9B94-2365F36D0B60}.Release|x64.ActiveCfg = Release|Any CPU
		{2B71C056-2905-476F-9B94-2365F36D0B60}.Release|x64.Build.0 = Release|Any CPU
		{2B71C056-2905-476F-9B94-2365F36D0B60}.Release|x86.ActiveCfg = Release|Any CPU
		{2B71C056-2905-476F-9B94-2365F36D0B60}.Release|x86.Build.0 = Release|Any CPU
		{63D3D7FB-F4A2-4E7A-9A55-F59035A092FB}.Debug|Any CPU.ActiveCfg = Debug|Any CPU
		{63D3D7FB-F4A2-4E7A-9A55-F59035A092FB}.Debug|Any CPU.Build.0 = Debug|Any CPU
		{63D3D7FB-F4A2-4E7A-9A55-F59035A092FB}.Debug|x64.ActiveCfg = Debug|Any CPU
		{63D3D7FB-F4A2-4E7A-9A55-F59035A092FB}.Debug|x64.Build.0 = Debug|Any CPU
		{63D3D7FB-F4A2-4E7A-9A55-F59035A092FB}.Debug|x86.ActiveCfg = Debug|Any CPU
		{63D3D7FB-F4A2-4E7A-9A55-F59035A092FB}.Debug|x86.Build.0 = Debug|Any CPU
		{63D3D7FB-F4A2-4E7A-9A55-F59035A092FB}.Release|Any CPU.ActiveCfg = Release|Any CPU
		{63D3D7FB-F4A2-4E7A-9A55-F59035A092FB}.Release|Any CPU.Build.0 = Release|Any CPU
		{63D3D7FB-F4A2-4E7A-9A55-F59035A092FB}.Release|x64.ActiveCfg = Release|Any CPU
		{63D3D7FB-F4A2-4E7A-9A55-F59035A092FB}.Release|x64.Build.0 = Release|Any CPU
		{63D3D7FB-F4A2-4E7A-9A55-F59035A092FB}.Release|x86.ActiveCfg = Release|Any CPU
		{63D3D7FB-F4A2-4E7A-9A55-F59035A092FB}.Release|x86.Build.0 = Release|Any CPU
		{A2ACBB69-19EA-4C50-AF2E-EFC56B0F6720}.Debug|Any CPU.ActiveCfg = Debug|Any CPU
		{A2ACBB69-19EA-4C50-AF2E-EFC56B0F6720}.Debug|Any CPU.Build.0 = Debug|Any CPU
		{A2ACBB69-19EA-4C50-AF2E-EFC56B0F6720}.Debug|x64.ActiveCfg = Debug|Any CPU
		{A2ACBB69-19EA-4C50-AF2E-EFC56B0F6720}.Debug|x64.Build.0 = Debug|Any CPU
		{A2ACBB69-19EA-4C50-AF2E-EFC56B0F6720}.Debug|x86.ActiveCfg = Debug|Any CPU
		{A2ACBB69-19EA-4C50-AF2E-EFC56B0F6720}.Debug|x86.Build.0 = Debug|Any CPU
		{A2ACBB69-19EA-4C50-AF2E-EFC56B0F6720}.Release|Any CPU.ActiveCfg = Release|Any CPU
		{A2ACBB69-19EA-4C50-AF2E-EFC56B0F6720}.Release|Any CPU.Build.0 = Release|Any CPU
		{A2ACBB69-19EA-4C50-AF2E-EFC56B0F6720}.Release|x64.ActiveCfg = Release|Any CPU
		{A2ACBB69-19EA-4C50-AF2E-EFC56B0F6720}.Release|x64.Build.0 = Release|Any CPU
		{A2ACBB69-19EA-4C50-AF2E-EFC56B0F6720}.Release|x86.ActiveCfg = Release|Any CPU
		{A2ACBB69-19EA-4C50-AF2E-EFC56B0F6720}.Release|x86.Build.0 = Release|Any CPU
		{5D478444-180A-44CE-AC63-06AF10D8A737}.Debug|Any CPU.ActiveCfg = Debug|Any CPU
		{5D478444-180A-44CE-AC63-06AF10D8A737}.Debug|Any CPU.Build.0 = Debug|Any CPU
		{5D478444-180A-44CE-AC63-06AF10D8A737}.Debug|x64.ActiveCfg = Debug|Any CPU
		{5D478444-180A-44CE-AC63-06AF10D8A737}.Debug|x64.Build.0 = Debug|Any CPU
		{5D478444-180A-44CE-AC63-06AF10D8A737}.Debug|x86.ActiveCfg = Debug|Any CPU
		{5D478444-180A-44CE-AC63-06AF10D8A737}.Debug|x86.Build.0 = Debug|Any CPU
		{5D478444-180A-44CE-AC63-06AF10D8A737}.Release|Any CPU.ActiveCfg = Release|Any CPU
		{5D478444-180A-44CE-AC63-06AF10D8A737}.Release|Any CPU.Build.0 = Release|Any CPU
		{5D478444-180A-44CE-AC63-06AF10D8A737}.Release|x64.ActiveCfg = Release|Any CPU
		{5D478444-180A-44CE-AC63-06AF10D8A737}.Release|x64.Build.0 = Release|Any CPU
		{5D478444-180A-44CE-AC63-06AF10D8A737}.Release|x86.ActiveCfg = Release|Any CPU
		{5D478444-180A-44CE-AC63-06AF10D8A737}.Release|x86.Build.0 = Release|Any CPU
		{1CFC96E1-5AA4-4CEE-BD37-C19BAE9213BD}.Debug|Any CPU.ActiveCfg = Debug|Any CPU
		{1CFC96E1-5AA4-4CEE-BD37-C19BAE9213BD}.Debug|Any CPU.Build.0 = Debug|Any CPU
		{1CFC96E1-5AA4-4CEE-BD37-C19BAE9213BD}.Debug|x64.ActiveCfg = Debug|Any CPU
		{1CFC96E1-5AA4-4CEE-BD37-C19BAE9213BD}.Debug|x64.Build.0 = Debug|Any CPU
		{1CFC96E1-5AA4-4CEE-BD37-C19BAE9213BD}.Debug|x86.ActiveCfg = Debug|Any CPU
		{1CFC96E1-5AA4-4CEE-BD37-C19BAE9213BD}.Debug|x86.Build.0 = Debug|Any CPU
		{1CFC96E1-5AA4-4CEE-BD37-C19BAE9213BD}.Release|Any CPU.ActiveCfg = Release|Any CPU
		{1CFC96E1-5AA4-4CEE-BD37-C19BAE9213BD}.Release|Any CPU.Build.0 = Release|Any CPU
		{1CFC96E1-5AA4-4CEE-BD37-C19BAE9213BD}.Release|x64.ActiveCfg = Release|Any CPU
		{1CFC96E1-5AA4-4CEE-BD37-C19BAE9213BD}.Release|x64.Build.0 = Release|Any CPU
		{1CFC96E1-5AA4-4CEE-BD37-C19BAE9213BD}.Release|x86.ActiveCfg = Release|Any CPU
		{1CFC96E1-5AA4-4CEE-BD37-C19BAE9213BD}.Release|x86.Build.0 = Release|Any CPU
		{E9B4893D-D009-479F-9285-6BC1EC666676}.Debug|Any CPU.ActiveCfg = Debug|Any CPU
		{E9B4893D-D009-479F-9285-6BC1EC666676}.Debug|Any CPU.Build.0 = Debug|Any CPU
		{E9B4893D-D009-479F-9285-6BC1EC666676}.Debug|x64.ActiveCfg = Debug|Any CPU
		{E9B4893D-D009-479F-9285-6BC1EC666676}.Debug|x64.Build.0 = Debug|Any CPU
		{E9B4893D-D009-479F-9285-6BC1EC666676}.Debug|x86.ActiveCfg = Debug|Any CPU
		{E9B4893D-D009-479F-9285-6BC1EC666676}.Debug|x86.Build.0 = Debug|Any CPU
		{E9B4893D-D009-479F-9285-6BC1EC666676}.Release|Any CPU.ActiveCfg = Release|Any CPU
		{E9B4893D-D009-479F-9285-6BC1EC666676}.Release|Any CPU.Build.0 = Release|Any CPU
		{E9B4893D-D009-479F-9285-6BC1EC666676}.Release|x64.ActiveCfg = Release|Any CPU
		{E9B4893D-D009-479F-9285-6BC1EC666676}.Release|x64.Build.0 = Release|Any CPU
		{E9B4893D-D009-479F-9285-6BC1EC666676}.Release|x86.ActiveCfg = Release|Any CPU
		{E9B4893D-D009-479F-9285-6BC1EC666676}.Release|x86.Build.0 = Release|Any CPU
		{CAD45C55-C5A0-45D5-8D87-2BCE0ED031B1}.Debug|Any CPU.ActiveCfg = Debug|Any CPU
		{CAD45C55-C5A0-45D5-8D87-2BCE0ED031B1}.Debug|Any CPU.Build.0 = Debug|Any CPU
		{CAD45C55-C5A0-45D5-8D87-2BCE0ED031B1}.Debug|x64.ActiveCfg = Debug|Any CPU
		{CAD45C55-C5A0-45D5-8D87-2BCE0ED031B1}.Debug|x64.Build.0 = Debug|Any CPU
		{CAD45C55-C5A0-45D5-8D87-2BCE0ED031B1}.Debug|x86.ActiveCfg = Debug|Any CPU
		{CAD45C55-C5A0-45D5-8D87-2BCE0ED031B1}.Debug|x86.Build.0 = Debug|Any CPU
		{CAD45C55-C5A0-45D5-8D87-2BCE0ED031B1}.Release|Any CPU.ActiveCfg = Release|Any CPU
		{CAD45C55-C5A0-45D5-8D87-2BCE0ED031B1}.Release|Any CPU.Build.0 = Release|Any CPU
		{CAD45C55-C5A0-45D5-8D87-2BCE0ED031B1}.Release|x64.ActiveCfg = Release|Any CPU
		{CAD45C55-C5A0-45D5-8D87-2BCE0ED031B1}.Release|x64.Build.0 = Release|Any CPU
		{CAD45C55-C5A0-45D5-8D87-2BCE0ED031B1}.Release|x86.ActiveCfg = Release|Any CPU
		{CAD45C55-C5A0-45D5-8D87-2BCE0ED031B1}.Release|x86.Build.0 = Release|Any CPU
		{9FA20967-AA85-44CB-8850-3951A42981D4}.Debug|Any CPU.ActiveCfg = Debug|Any CPU
		{9FA20967-AA85-44CB-8850-3951A42981D4}.Debug|Any CPU.Build.0 = Debug|Any CPU
		{9FA20967-AA85-44CB-8850-3951A42981D4}.Debug|x64.ActiveCfg = Debug|Any CPU
		{9FA20967-AA85-44CB-8850-3951A42981D4}.Debug|x64.Build.0 = Debug|Any CPU
		{9FA20967-AA85-44CB-8850-3951A42981D4}.Debug|x86.ActiveCfg = Debug|Any CPU
		{9FA20967-AA85-44CB-8850-3951A42981D4}.Debug|x86.Build.0 = Debug|Any CPU
		{9FA20967-AA85-44CB-8850-3951A42981D4}.Release|Any CPU.ActiveCfg = Release|Any CPU
		{9FA20967-AA85-44CB-8850-3951A42981D4}.Release|Any CPU.Build.0 = Release|Any CPU
		{9FA20967-AA85-44CB-8850-3951A42981D4}.Release|x64.ActiveCfg = Release|Any CPU
		{9FA20967-AA85-44CB-8850-3951A42981D4}.Release|x64.Build.0 = Release|Any CPU
		{9FA20967-AA85-44CB-8850-3951A42981D4}.Release|x86.ActiveCfg = Release|Any CPU
		{9FA20967-AA85-44CB-8850-3951A42981D4}.Release|x86.Build.0 = Release|Any CPU
		{C4F15116-1C1B-4199-B204-219C390E30E0}.Debug|Any CPU.ActiveCfg = Debug|Any CPU
		{C4F15116-1C1B-4199-B204-219C390E30E0}.Debug|Any CPU.Build.0 = Debug|Any CPU
		{C4F15116-1C1B-4199-B204-219C390E30E0}.Debug|x64.ActiveCfg = Debug|Any CPU
		{C4F15116-1C1B-4199-B204-219C390E30E0}.Debug|x64.Build.0 = Debug|Any CPU
		{C4F15116-1C1B-4199-B204-219C390E30E0}.Debug|x86.ActiveCfg = Debug|Any CPU
		{C4F15116-1C1B-4199-B204-219C390E30E0}.Debug|x86.Build.0 = Debug|Any CPU
		{C4F15116-1C1B-4199-B204-219C390E30E0}.Release|Any CPU.ActiveCfg = Release|Any CPU
		{C4F15116-1C1B-4199-B204-219C390E30E0}.Release|Any CPU.Build.0 = Release|Any CPU
		{C4F15116-1C1B-4199-B204-219C390E30E0}.Release|x64.ActiveCfg = Release|Any CPU
		{C4F15116-1C1B-4199-B204-219C390E30E0}.Release|x64.Build.0 = Release|Any CPU
		{C4F15116-1C1B-4199-B204-219C390E30E0}.Release|x86.ActiveCfg = Release|Any CPU
		{C4F15116-1C1B-4199-B204-219C390E30E0}.Release|x86.Build.0 = Release|Any CPU
		{CA7B25DB-21B8-4F34-B731-8F1D1B598323}.Debug|Any CPU.ActiveCfg = Debug|Any CPU
		{CA7B25DB-21B8-4F34-B731-8F1D1B598323}.Debug|Any CPU.Build.0 = Debug|Any CPU
		{CA7B25DB-21B8-4F34-B731-8F1D1B598323}.Debug|x64.ActiveCfg = Debug|Any CPU
		{CA7B25DB-21B8-4F34-B731-8F1D1B598323}.Debug|x64.Build.0 = Debug|Any CPU
		{CA7B25DB-21B8-4F34-B731-8F1D1B598323}.Debug|x86.ActiveCfg = Debug|Any CPU
		{CA7B25DB-21B8-4F34-B731-8F1D1B598323}.Debug|x86.Build.0 = Debug|Any CPU
		{CA7B25DB-21B8-4F34-B731-8F1D1B598323}.Release|Any CPU.ActiveCfg = Release|Any CPU
		{CA7B25DB-21B8-4F34-B731-8F1D1B598323}.Release|Any CPU.Build.0 = Release|Any CPU
		{CA7B25DB-21B8-4F34-B731-8F1D1B598323}.Release|x64.ActiveCfg = Release|Any CPU
		{CA7B25DB-21B8-4F34-B731-8F1D1B598323}.Release|x64.Build.0 = Release|Any CPU
		{CA7B25DB-21B8-4F34-B731-8F1D1B598323}.Release|x86.ActiveCfg = Release|Any CPU
		{CA7B25DB-21B8-4F34-B731-8F1D1B598323}.Release|x86.Build.0 = Release|Any CPU
		{A32302D3-F075-41B2-956E-43D3BFF3390A}.Debug|Any CPU.ActiveCfg = Debug|Any CPU
		{A32302D3-F075-41B2-956E-43D3BFF3390A}.Debug|Any CPU.Build.0 = Debug|Any CPU
		{A32302D3-F075-41B2-956E-43D3BFF3390A}.Debug|x64.ActiveCfg = Debug|Any CPU
		{A32302D3-F075-41B2-956E-43D3BFF3390A}.Debug|x64.Build.0 = Debug|Any CPU
		{A32302D3-F075-41B2-956E-43D3BFF3390A}.Debug|x86.ActiveCfg = Debug|Any CPU
		{A32302D3-F075-41B2-956E-43D3BFF3390A}.Debug|x86.Build.0 = Debug|Any CPU
		{A32302D3-F075-41B2-956E-43D3BFF3390A}.Release|Any CPU.ActiveCfg = Release|Any CPU
		{A32302D3-F075-41B2-956E-43D3BFF3390A}.Release|Any CPU.Build.0 = Release|Any CPU
		{A32302D3-F075-41B2-956E-43D3BFF3390A}.Release|x64.ActiveCfg = Release|Any CPU
		{A32302D3-F075-41B2-956E-43D3BFF3390A}.Release|x64.Build.0 = Release|Any CPU
		{A32302D3-F075-41B2-956E-43D3BFF3390A}.Release|x86.ActiveCfg = Release|Any CPU
		{A32302D3-F075-41B2-956E-43D3BFF3390A}.Release|x86.Build.0 = Release|Any CPU
		{47AE04E8-239C-4AFF-9B20-DF2A17D23C18}.Debug|Any CPU.ActiveCfg = Debug|Any CPU
		{47AE04E8-239C-4AFF-9B20-DF2A17D23C18}.Debug|Any CPU.Build.0 = Debug|Any CPU
		{47AE04E8-239C-4AFF-9B20-DF2A17D23C18}.Debug|x64.ActiveCfg = Debug|Any CPU
		{47AE04E8-239C-4AFF-9B20-DF2A17D23C18}.Debug|x64.Build.0 = Debug|Any CPU
		{47AE04E8-239C-4AFF-9B20-DF2A17D23C18}.Debug|x86.ActiveCfg = Debug|Any CPU
		{47AE04E8-239C-4AFF-9B20-DF2A17D23C18}.Debug|x86.Build.0 = Debug|Any CPU
		{47AE04E8-239C-4AFF-9B20-DF2A17D23C18}.Release|Any CPU.ActiveCfg = Release|Any CPU
		{47AE04E8-239C-4AFF-9B20-DF2A17D23C18}.Release|Any CPU.Build.0 = Release|Any CPU
		{47AE04E8-239C-4AFF-9B20-DF2A17D23C18}.Release|x64.ActiveCfg = Release|Any CPU
		{47AE04E8-239C-4AFF-9B20-DF2A17D23C18}.Release|x64.Build.0 = Release|Any CPU
		{47AE04E8-239C-4AFF-9B20-DF2A17D23C18}.Release|x86.ActiveCfg = Release|Any CPU
		{47AE04E8-239C-4AFF-9B20-DF2A17D23C18}.Release|x86.Build.0 = Release|Any CPU
	EndGlobalSection
	GlobalSection(SolutionProperties) = preSolution
		HideSolutionNode = FALSE
	EndGlobalSection
	GlobalSection(NestedProjects) = preSolution
		{BA423D36-DB0D-438A-834C-D9DA34D55CD0} = {3FE3F486-EC3C-411E-9D03-6FA4E0BB2347}
		{192EFF8D-1951-4F32-A91E-B8BD6733B951} = {3FE3F486-EC3C-411E-9D03-6FA4E0BB2347}
		{2B92403A-BFD6-4D7F-A20A-D2C899211C13} = {3FE3F486-EC3C-411E-9D03-6FA4E0BB2347}
		{AE0CC397-7456-4D97-A802-55BA908F9710} = {3FE3F486-EC3C-411E-9D03-6FA4E0BB2347}
		{E18DC3CC-AA6D-405F-8D7F-3FBDC00FF514} = {BA423D36-DB0D-438A-834C-D9DA34D55CD0}
		{9BE1D799-A502-4C76-9565-43A8EE0DB08C} = {BA423D36-DB0D-438A-834C-D9DA34D55CD0}
		{4143456B-3297-464D-A4EF-0101D6C77891} = {2B92403A-BFD6-4D7F-A20A-D2C899211C13}
		{381AAEBA-B5F1-408B-A34B-3463ABD8CFE4} = {192EFF8D-1951-4F32-A91E-B8BD6733B951}
		{2B71C056-2905-476F-9B94-2365F36D0B60} = {BA423D36-DB0D-438A-834C-D9DA34D55CD0}
		{63D3D7FB-F4A2-4E7A-9A55-F59035A092FB} = {BA423D36-DB0D-438A-834C-D9DA34D55CD0}
		{A2ACBB69-19EA-4C50-AF2E-EFC56B0F6720} = {9BE1D799-A502-4C76-9565-43A8EE0DB08C}
		{5D478444-180A-44CE-AC63-06AF10D8A737} = {9BE1D799-A502-4C76-9565-43A8EE0DB08C}
		{1CFC96E1-5AA4-4CEE-BD37-C19BAE9213BD} = {AE0CC397-7456-4D97-A802-55BA908F9710}
		{E9B4893D-D009-479F-9285-6BC1EC666676} = {E18DC3CC-AA6D-405F-8D7F-3FBDC00FF514}
		{CAD45C55-C5A0-45D5-8D87-2BCE0ED031B1} = {9BE1D799-A502-4C76-9565-43A8EE0DB08C}
		{9FA20967-AA85-44CB-8850-3951A42981D4} = {E18DC3CC-AA6D-405F-8D7F-3FBDC00FF514}
		{C4F15116-1C1B-4199-B204-219C390E30E0} = {E18DC3CC-AA6D-405F-8D7F-3FBDC00FF514}
		{CA7B25DB-21B8-4F34-B731-8F1D1B598323} = {E18DC3CC-AA6D-405F-8D7F-3FBDC00FF514}
		{D7A4821F-1FB4-4ED2-8F23-1BC812FB2053} = {3FE3F486-EC3C-411E-9D03-6FA4E0BB2347}
		{A32302D3-F075-41B2-956E-43D3BFF3390A} = {D7A4821F-1FB4-4ED2-8F23-1BC812FB2053}
		{47AE04E8-239C-4AFF-9B20-DF2A17D23C18} = {E18DC3CC-AA6D-405F-8D7F-3FBDC00FF514}
	EndGlobalSection
	GlobalSection(ExtensibilityGlobals) = postSolution
		SolutionGuid = {8D111E54-5C15-4004-8888-693C0D00E092}
	EndGlobalSection
EndGlobal
